<?xml version="1.0" encoding="utf-8"?>
<Project ToolsVersion="4.0" xmlns="http://schemas.microsoft.com/developer/msbuild/2003">
  <ItemGroup>
    <Filter Include="ソース ファイル">
      <UniqueIdentifier>{4FC737F1-C7A5-4376-A066-2A32D752A2FF}</UniqueIdentifier>
      <Extensions>cpp;c;cc;cxx;c++;cppm;ixx;def;odl;idl;hpj;bat;asm;asmx</Extensions>
    </Filter>
    <Filter Include="ヘッダー ファイル">
      <UniqueIdentifier>{93995380-89BD-4b04-88EB-625FBE52EBFB}</UniqueIdentifier>
      <Extensions>h;hh;hpp;hxx;h++;hm;inl;inc;ipp;xsd</Extensions>
    </Filter>
    <Filter Include="リソース ファイル">
      <UniqueIdentifier>{67DA6AB6-F800-4c08-8B7A-83BB121AAD01}</UniqueIdentifier>
      <Extensions>rc;ico;cur;bmp;dlg;rc2;rct;bin;rgs;gif;jpg;jpeg;jpe;resx;tiff;tif;png;wav;mfcribbon-ms</Extensions>
    </Filter>
    <Filter Include="リソース ファイル\Audio">
      <UniqueIdentifier>{bc74d9ea-2d42-4008-afc0-8115e257caf9}</UniqueIdentifier>
    </Filter>
    <Filter Include="リソース ファイル\Images">
      <UniqueIdentifier>{4d221b48-8bae-421c-bd51-ba17f2b9c029}</UniqueIdentifier>
    </Filter>
    <Filter Include="リソース ファイル\PlayerModels">
      <UniqueIdentifier>{55e6a1b7-1bea-4cea-8481-d99c5f28e1aa}</UniqueIdentifier>
    </Filter>
    <Filter Include="リソース ファイル\Fonts">
      <UniqueIdentifier>{17426fb6-bcb0-4b57-b2a8-bdc95ed40aa3}</UniqueIdentifier>
    </Filter>
  </ItemGroup>
  <ItemGroup>
    <Media Include="Resource\Audios\BGM_InGame.mp3">
      <Filter>リソース ファイル\Audio</Filter>
    </Media>
    <Media Include="Resource\Audios\BGM_Title.mp3">
      <Filter>リソース ファイル\Audio</Filter>
    </Media>
    <Media Include="Resource\Audios\JINGLE_GameOver.mp3">
      <Filter>リソース ファイル\Audio</Filter>
    </Media>
    <Media Include="Resource\Audios\SE_ButtonBeep.mp3">
      <Filter>リソース ファイル\Audio</Filter>
    </Media>
    <Media Include="Resource\Audios\SE_ButtonMove.mp3">
      <Filter>リソース ファイル\Audio</Filter>
    </Media>
    <Media Include="Resource\Audios\SE_ButtonSelect.mp3">
      <Filter>リソース ファイル\Audio</Filter>
    </Media>
  </ItemGroup>
  <ItemGroup>
    <Image Include="Resource\Images\RightKey.png">
      <Filter>リソース ファイル\Images</Filter>
    </Image>
    <Image Include="Resource\Images\UpKey.png">
      <Filter>リソース ファイル\Images</Filter>
    </Image>
    <Image Include="Resource\Images\DownKey.png">
      <Filter>リソース ファイル\Images</Filter>
    </Image>
    <Image Include="Resource\Images\EnterKey.png">
      <Filter>リソース ファイル\Images</Filter>
    </Image>
    <Image Include="Resource\Images\EscapeKey.png">
      <Filter>リソース ファイル\Images</Filter>
    </Image>
    <Image Include="Resource\Images\LeftKey.png">
      <Filter>リソース ファイル\Images</Filter>
    </Image>
  </ItemGroup>
  <ItemGroup>
    <None Include="Resource\PlayerAnimations\Player_JumpDown.mv1">
      <Filter>リソース ファイル\PlayerModels</Filter>
    </None>
    <None Include="Resource\PlayerAnimations\Player_JumpUp.mv1">
      <Filter>リソース ファイル\PlayerModels</Filter>
    </None>
    <None Include="Resource\PlayerAnimations\Player_Run.mv1">
      <Filter>リソース ファイル\PlayerModels</Filter>
    </None>
  </ItemGroup>
  <ItemGroup>
    <Font Include="Resource\KaqookanV2.ttf">
      <Filter>リソース ファイル\Fonts</Filter>
    </Font>
  </ItemGroup>
  <ItemGroup>
    <ClCompile Include="Sources\UI.cpp">
      <Filter>ソース ファイル</Filter>
    </ClCompile>
    <ClCompile Include="Sources\Audio.cpp">
      <Filter>ソース ファイル</Filter>
    </ClCompile>
    <ClCompile Include="Sources\Bace.cpp">
      <Filter>ソース ファイル</Filter>
    </ClCompile>
    <ClCompile Include="Sources\Button.cpp">
      <Filter>ソース ファイル</Filter>
    </ClCompile>
    <ClCompile Include="Sources\InGame.cpp">
      <Filter>ソース ファイル</Filter>
    </ClCompile>
    <ClCompile Include="Sources\Input.cpp">
      <Filter>ソース ファイル</Filter>
    </ClCompile>
    <ClCompile Include="Sources\Main.cpp">
      <Filter>ソース ファイル</Filter>
    </ClCompile>
    <ClCompile Include="Sources\Player.cpp">
      <Filter>ソース ファイル</Filter>
    </ClCompile>
    <ClCompile Include="Sources\Score.cpp">
      <Filter>ソース ファイル</Filter>
    </ClCompile>
    <ClCompile Include="Sources\3dSetting.cpp">
      <Filter>ソース ファイル</Filter>
    </ClCompile>
  </ItemGroup>
  <ItemGroup>
    <ClInclude Include="Hedders\3dSetting.h">
      <Filter>ヘッダー ファイル</Filter>
    </ClInclude>
    <ClInclude Include="Hedders\Audio.h">
      <Filter>ヘッダー ファイル</Filter>
    </ClInclude>
    <ClInclude Include="Hedders\Button.h">
      <Filter>ヘッダー ファイル</Filter>
    </ClInclude>
    <ClInclude Include="Hedders\InGame.h">
      <Filter>ヘッダー ファイル</Filter>
    </ClInclude>
    <ClInclude Include="Hedders\Input.h">
      <Filter>ヘッダー ファイル</Filter>
    </ClInclude>
    <ClInclude Include="Hedders\Player.h">
      <Filter>ヘッダー ファイル</Filter>
    </ClInclude>
    <ClInclude Include="Hedders\Score.h">
      <Filter>ヘッダー ファイル</Filter>
    </ClInclude>
    <ClInclude Include="Hedders\UI.h">
      <Filter>ヘッダー ファイル</Filter>
    </ClInclude>
    <ClInclude Include="Hedders\Main.h">
      <Filter>ヘッダー ファイル</Filter>
    </ClInclude>
  </ItemGroup>
</Project>